
Microsoft Visual Studio Solution File, Format Version 12.00
# Visual Studio Version 16
VisualStudioVersion = 16.0.31025.194
MinimumVisualStudioVersion = 10.0.40219.1
Project("{8BC9CEB8-8B4A-11D0-8D11-00A0C91BC942}") = "UG_EpidemicsRunner", "UG_EpidemicsRunner.vcxproj", "{29681B47-DB04-4AFF-91E5-F9EFD3CF2E2B}"
EndProject
Global
	GlobalSection(SolutionConfigurationPlatforms) = preSolution
		Debug|x64 = Debug|x64
		Release|x64 = Release|x64
	EndGlobalSection
	GlobalSection(ProjectConfigurationPlatforms) = postSolution
		{29681B47-DB04-4AFF-91E5-F9EFD3CF2E2B}.Debug|x64.ActiveCfg = Debug|x64
		{29681B47-DB04-4AFF-91E5-F9EFD3CF2E2B}.Debug|x64.Build.0 = Debug|x64
		{29681B47-DB04-4AFF-91E5-F9EFD3CF2E2B}.Release|x64.ActiveCfg = Release|x64
		{29681B47-DB04-4AFF-91E5-F9EFD3CF2E2B}.Release|x64.Build.0 = Release|x64
	EndGlobalSection
	GlobalSection(SolutionProperties) = preSolution
		HideSolutionNode = FALSE
	EndGlobalSection
	GlobalSection(ExtensibilityGlobals) = postSolution
		SolutionGuid = {B93851B0-D41A-4711-8317-6926E293BEBD}
	EndGlobalSection
EndGlobal
